
Microsoft Visual Studio Solution File, Format Version 12.00
# Visual Studio Version 17
VisualStudioVersion = 17.5.2.0
MinimumVisualStudioVersion = 10.0.40219.1
Project("{9A19103F-16F7-4668-BE54-9A1E7A4F7556}") = "Postkit.API", "Postkit.API\Postkit.API.csproj", "{1789A065-E997-424C-87BA-F81B2367DFC7}"
EndProject
Project("{9A19103F-16F7-4668-BE54-9A1E7A4F7556}") = "Postkit.Tests", "Postkit.Tests\Postkit.Tests.csproj", "{6BA4BF89-4BA3-4ACB-BC3F-96DF48F5A131}"
EndProject
Project("{FAE04EC0-301F-11D3-BF4B-00C04F79EFBC}") = "Poskit.Posts", "Poskit.Posts\Poskit.Posts.csproj", "{1554ACFD-1428-469D-8837-2B96C6976DB1}"
EndProject
Project("{FAE04EC0-301F-11D3-BF4B-00C04F79EFBC}") = "Postkit.Identity", "Postkit.Identity\Postkit.Identity.csproj", "{38B600C4-009B-4091-B9F3-A6B07C347A40}"
EndProject
Project("{FAE04EC0-301F-11D3-BF4B-00C04F79EFBC}") = "Postkit.Comments", "Postkit.Comments\Postkit.Comments.csproj", "{EFC97672-36E2-45B9-B69F-C53245A01617}"
EndProject
Project("{FAE04EC0-301F-11D3-BF4B-00C04F79EFBC}") = "Postkit.Reactions", "Postkit.Reactions\Postkit.Reactions.csproj", "{13CFF86E-5AD6-41D8-9C9A-9E51EF8054CF}"
EndProject
Project("{FAE04EC0-301F-11D3-BF4B-00C04F79EFBC}") = "Postkit.Shared", "Postkit.Shared\Postkit.Shared.csproj", "{15AA0522-41E7-4E6D-B665-C8D83EFF7022}"
EndProject
Project("{FAE04EC0-301F-11D3-BF4B-00C04F79EFBC}") = "Postkit.Notifications", "Postkit.Notifications\Postkit.Notifications.csproj", "{45014092-2BFF-4F1C-B07C-A777B29ADDC6}"
EndProject
Project("{FAE04EC0-301F-11D3-BF4B-00C04F79EFBC}") = "Postkit.Infrastructure", "Postkit.Infrastructure\Postkit.Infrastructure.csproj", "{D031D8F6-AA67-48CE-9718-D5CB6D3EA0EA}"
EndProject
Global
	GlobalSection(SolutionConfigurationPlatforms) = preSolution
		Debug|Any CPU = Debug|Any CPU
		Release|Any CPU = Release|Any CPU
	EndGlobalSection
	GlobalSection(ProjectConfigurationPlatforms) = postSolution
		{1789A065-E997-424C-87BA-F81B2367DFC7}.Debug|Any CPU.ActiveCfg = Debug|Any CPU
		{1789A065-E997-424C-87BA-F81B2367DFC7}.Debug|Any CPU.Build.0 = Debug|Any CPU
		{1789A065-E997-424C-87BA-F81B2367DFC7}.Release|Any CPU.ActiveCfg = Release|Any CPU
		{1789A065-E997-424C-87BA-F81B2367DFC7}.Release|Any CPU.Build.0 = Release|Any CPU
		{6BA4BF89-4BA3-4ACB-BC3F-96DF48F5A131}.Debug|Any CPU.ActiveCfg = Debug|Any CPU
		{6BA4BF89-4BA3-4ACB-BC3F-96DF48F5A131}.Debug|Any CPU.Build.0 = Debug|Any CPU
		{6BA4BF89-4BA3-4ACB-BC3F-96DF48F5A131}.Release|Any CPU.ActiveCfg = Release|Any CPU
		{6BA4BF89-4BA3-4ACB-BC3F-96DF48F5A131}.Release|Any CPU.Build.0 = Release|Any CPU
		{1554ACFD-1428-469D-8837-2B96C6976DB1}.Debug|Any CPU.ActiveCfg = Debug|Any CPU
		{1554ACFD-1428-469D-8837-2B96C6976DB1}.Debug|Any CPU.Build.0 = Debug|Any CPU
		{1554ACFD-1428-469D-8837-2B96C6976DB1}.Release|Any CPU.ActiveCfg = Release|Any CPU
		{1554ACFD-1428-469D-8837-2B96C6976DB1}.Release|Any CPU.Build.0 = Release|Any CPU
		{38B600C4-009B-4091-B9F3-A6B07C347A40}.Debug|Any CPU.ActiveCfg = Debug|Any CPU
		{38B600C4-009B-4091-B9F3-A6B07C347A40}.Debug|Any CPU.Build.0 = Debug|Any CPU
		{38B600C4-009B-4091-B9F3-A6B07C347A40}.Release|Any CPU.ActiveCfg = Release|Any CPU
		{38B600C4-009B-4091-B9F3-A6B07C347A40}.Release|Any CPU.Build.0 = Release|Any CPU
		{EFC97672-36E2-45B9-B69F-C53245A01617}.Debug|Any CPU.ActiveCfg = Debug|Any CPU
		{EFC97672-36E2-45B9-B69F-C53245A01617}.Debug|Any CPU.Build.0 = Debug|Any CPU
		{EFC97672-36E2-45B9-B69F-C53245A01617}.Release|Any CPU.ActiveCfg = Release|Any CPU
		{EFC97672-36E2-45B9-B69F-C53245A01617}.Release|Any CPU.Build.0 = Release|Any CPU
		{13CFF86E-5AD6-41D8-9C9A-9E51EF8054CF}.Debug|Any CPU.ActiveCfg = Debug|Any CPU
		{13CFF86E-5AD6-41D8-9C9A-9E51EF8054CF}.Debug|Any CPU.Build.0 = Debug|Any CPU
		{13CFF86E-5AD6-41D8-9C9A-9E51EF8054CF}.Release|Any CPU.ActiveCfg = Release|Any CPU
		{13CFF86E-5AD6-41D8-9C9A-9E51EF8054CF}.Release|Any CPU.Build.0 = Release|Any CPU
		{15AA0522-41E7-4E6D-B665-C8D83EFF7022}.Debug|Any CPU.ActiveCfg = Debug|Any CPU
		{15AA0522-41E7-4E6D-B665-C8D83EFF7022}.Debug|Any CPU.Build.0 = Debug|Any CPU
		{15AA0522-41E7-4E6D-B665-C8D83EFF7022}.Release|Any CPU.ActiveCfg = Release|Any CPU
		{15AA0522-41E7-4E6D-B665-C8D83EFF7022}.Release|Any CPU.Build.0 = Release|Any CPU
		{45014092-2BFF-4F1C-B07C-A777B29ADDC6}.Debug|Any CPU.ActiveCfg = Debug|Any CPU
		{45014092-2BFF-4F1C-B07C-A777B29ADDC6}.Debug|Any CPU.Build.0 = Debug|Any CPU
		{45014092-2BFF-4F1C-B07C-A777B29ADDC6}.Release|Any CPU.ActiveCfg = Release|Any CPU
		{45014092-2BFF-4F1C-B07C-A777B29ADDC6}.Release|Any CPU.Build.0 = Release|Any CPU
		{D031D8F6-AA67-48CE-9718-D5CB6D3EA0EA}.Debug|Any CPU.ActiveCfg = Debug|Any CPU
		{D031D8F6-AA67-48CE-9718-D5CB6D3EA0EA}.Debug|Any CPU.Build.0 = Debug|Any CPU
		{D031D8F6-AA67-48CE-9718-D5CB6D3EA0EA}.Release|Any CPU.ActiveCfg = Release|Any CPU
		{D031D8F6-AA67-48CE-9718-D5CB6D3EA0EA}.Release|Any CPU.Build.0 = Release|Any CPU
	EndGlobalSection
	GlobalSection(SolutionProperties) = preSolution
		HideSolutionNode = FALSE
	EndGlobalSection
	GlobalSection(ExtensibilityGlobals) = postSolution
		SolutionGuid = {EED6646A-19EE-4304-9B1C-BB6CDF12E474}
	EndGlobalSection
EndGlobal
