Microsoft Visual Studio Solution File, Format Version 12.00
# Visual Studio Version 17
VisualStudioVersion = 17.5.2.0
MinimumVisualStudioVersion = 10.0.40219.1
Project("{FAE04EC0-301F-11D3-BF4B-00C04F79EFBC}") = "Postkit.API", "Postkit.API\Postkit.API.csproj", "{1789A065-E997-424C-87BA-F81B2367DFC7}"
EndProject
Project("{FAE04EC0-301F-11D3-BF4B-00C04F79EFBC}") = "Postkit.Tests", "Postkit.Tests\Postkit.Tests.csproj", "{6BA4BF89-4BA3-4ACB-BC3F-96DF48F5A131}"
EndProject
Global
	GlobalSection(SolutionConfigurationPlatforms) = preSolution
		Debug|Any CPU = Debug|Any CPU
		Release|Any CPU = Release|Any CPU
	EndGlobalSection
	GlobalSection(ProjectConfigurationPlatforms) = postSolution
		{FB3E1CDA-473F-307B-B71E-E2407A1361AC}.Debug|Any CPU.ActiveCfg = Debug|Any CPU
		{FB3E1CDA-473F-307B-B71E-E2407A1361AC}.Debug|Any CPU.Build.0 = Debug|Any CPU
		{FB3E1CDA-473F-307B-B71E-E2407A1361AC}.Release|Any CPU.ActiveCfg = Release|Any CPU
		{FB3E1CDA-473F-307B-B71E-E2407A1361AC}.Release|Any CPU.Build.0 = Release|Any CPU
		{1789A065-E997-424C-87BA-F81B2367DFC7}.Debug|Any CPU.ActiveCfg = Debug|Any CPU
		{1789A065-E997-424C-87BA-F81B2367DFC7}.Debug|Any CPU.Build.0 = Debug|Any CPU
		{1789A065-E997-424C-87BA-F81B2367DFC7}.Release|Any CPU.ActiveCfg = Release|Any CPU
		{1789A065-E997-424C-87BA-F81B2367DFC7}.Release|Any CPU.Build.0 = Release|Any CPU
		{6BA4BF89-4BA3-4ACB-BC3F-96DF48F5A131}.Debug|Any CPU.ActiveCfg = Debug|Any CPU
		{6BA4BF89-4BA3-4ACB-BC3F-96DF48F5A131}.Debug|Any CPU.Build.0 = Debug|Any CPU
		{6BA4BF89-4BA3-4ACB-BC3F-96DF48F5A131}.Release|Any CPU.ActiveCfg = Release|Any CPU
		{6BA4BF89-4BA3-4ACB-BC3F-96DF48F5A131}.Release|Any CPU.Build.0 = Release|Any CPU
	EndGlobalSection
	GlobalSection(SolutionProperties) = preSolution
		HideSolutionNode = FALSE
	EndGlobalSection
	GlobalSection(ExtensibilityGlobals) = postSolution
		SolutionGuid = {EED6646A-19EE-4304-9B1C-BB6CDF12E474}
	EndGlobalSection
EndGlobal
